
Microsoft Visual Studio Solution File, Format Version 12.00
# Visual Studio Version 16
VisualStudioVersion = 16.0.29926.136
MinimumVisualStudioVersion = 10.0.40219.1
Project("{FAE04EC0-301F-11D3-BF4B-00C04F79EFBC}") = "EIM-O365-GovernanceOnExsistingSites", "EIM-O365-GovernanceOnExsistingSites.csproj", "{4298E153-A92B-45AE-A547-D0ADC2458310}"
EndProject
Global
	GlobalSection(SolutionConfigurationPlatforms) = preSolution
		Debug|Any CPU = Debug|Any CPU
		Release|Any CPU = Release|Any CPU
	EndGlobalSection
	GlobalSection(ProjectConfigurationPlatforms) = postSolution
		{4298E153-A92B-45AE-A547-D0ADC2458310}.Debug|Any CPU.ActiveCfg = Debug|Any CPU
		{4298E153-A92B-45AE-A547-D0ADC2458310}.Debug|Any CPU.Build.0 = Debug|Any CPU
		{4298E153-A92B-45AE-A547-D0ADC2458310}.Release|Any CPU.ActiveCfg = Release|Any CPU
		{4298E153-A92B-45AE-A547-D0ADC2458310}.Release|Any CPU.Build.0 = Release|Any CPU
	EndGlobalSection
	GlobalSection(SolutionProperties) = preSolution
		HideSolutionNode = FALSE
	EndGlobalSection
	GlobalSection(ExtensibilityGlobals) = postSolution
		SolutionGuid = {AE834742-5847-459A-B1F0-3315217BA6EC}
	EndGlobalSection
EndGlobal
